
Microsoft Visual Studio Solution File, Format Version 12.00
# Visual Studio Version 17
VisualStudioVersion = 17.9.34728.123
MinimumVisualStudioVersion = 10.0.40219.1
Project("{FAE04EC0-301F-11D3-BF4B-00C04F79EFBC}") = "Name-Sorter", "Name-Sorter\Name-Sorter.csproj", "{79FC72F8-E52A-480C-B538-1BA0E7A9EDB4}"
EndProject
Global
	GlobalSection(SolutionConfigurationPlatforms) = preSolution
		Debug|Any CPU = Debug|Any CPU
		Release|Any CPU = Release|Any CPU
	EndGlobalSection
	GlobalSection(ProjectConfigurationPlatforms) = postSolution
		{79FC72F8-E52A-480C-B538-1BA0E7A9EDB4}.Debug|Any CPU.ActiveCfg = Debug|Any CPU
		{79FC72F8-E52A-480C-B538-1BA0E7A9EDB4}.Debug|Any CPU.Build.0 = Debug|Any CPU
		{79FC72F8-E52A-480C-B538-1BA0E7A9EDB4}.Release|Any CPU.ActiveCfg = Release|Any CPU
		{79FC72F8-E52A-480C-B538-1BA0E7A9EDB4}.Release|Any CPU.Build.0 = Release|Any CPU
	EndGlobalSection
	GlobalSection(SolutionProperties) = preSolution
		HideSolutionNode = FALSE
	EndGlobalSection
	GlobalSection(ExtensibilityGlobals) = postSolution
		SolutionGuid = {C0F9A658-B126-426A-96EF-30A11749BA60}
	EndGlobalSection
EndGlobal
